# This file is automatically @generated by Poetry 1.8.3 and should not be changed by hand.

[[package]]
name = "example1"
version = "1.0.0"
description = "a simple example"
optional = false
python-versions = "*"
files = [
    {file = "example1-1.0.0.tar.gz", hash = "sha256:778a4659cbc6f05392c1605c6b1568659ee26e92aefb7441b59dff18eefba677"},
]

[metadata]
lock-version = "2.0"
python-versions = "^3.12"
content-hash = "08e0b8b7acf74aaa370d7d0fd0eb6a5a9f8da61c374b5eae89536f5d7fee559b"
